
Microsoft Visual Studio Solution File, Format Version 12.00
# Visual Studio 14
VisualStudioVersion = 14.0.23107.0
MinimumVisualStudioVersion = 10.0.40219.1
Project("{FAE04EC0-301F-11D3-BF4B-00C04F79EFBC}") = "GitA1", "GitA1\GitA1.csproj", "{15992F3F-0C25-4CDD-8333-7F789435E612}"
EndProject
Global
	GlobalSection(SolutionConfigurationPlatforms) = preSolution
		Debug|Any CPU = Debug|Any CPU
		Release|Any CPU = Release|Any CPU
	EndGlobalSection
	GlobalSection(ProjectConfigurationPlatforms) = postSolution
		{15992F3F-0C25-4CDD-8333-7F789435E612}.Debug|Any CPU.ActiveCfg = Debug|Any CPU
		{15992F3F-0C25-4CDD-8333-7F789435E612}.Debug|Any CPU.Build.0 = Debug|Any CPU
		{15992F3F-0C25-4CDD-8333-7F789435E612}.Release|Any CPU.ActiveCfg = Release|Any CPU
		{15992F3F-0C25-4CDD-8333-7F789435E612}.Release|Any CPU.Build.0 = Release|Any CPU
	EndGlobalSection
	GlobalSection(SolutionProperties) = preSolution
		HideSolutionNode = FALSE
	EndGlobalSection
EndGlobal
